// !$*UTF8*$!
{
	archiveVersion = 1;
	classes = {
	};
	objectVersion = 46;
	objects = {

/* Begin PBXBuildFile section */
		E4015AA11B5F4BF30054CC6A /* JiHelpers.swift in Sources */ = {isa = PBXBuildFile; fileRef = E4015AA01B5F4BF30054CC6A /* JiHelpers.swift */; };
		E4015AA31B5F51560054CC6A /* JiNodeTests.swift in Sources */ = {isa = PBXBuildFile; fileRef = E4015AA21B5F51560054CC6A /* JiNodeTests.swift */; };
		E4168BCE1B5D314A00D4EFDA /* Ji.swift in Sources */ = {isa = PBXBuildFile; fileRef = E4168BCD1B5D314A00D4EFDA /* Ji.swift */; };
		E4168BD21B5D352800D4EFDA /* feed.rss in Resources */ = {isa = PBXBuildFile; fileRef = E4168BD01B5D352800D4EFDA /* feed.rss */; };
		E4168BD31B5D352800D4EFDA /* index.html in Resources */ = {isa = PBXBuildFile; fileRef = E4168BD11B5D352800D4EFDA /* index.html */; };
		E4168BD51B5D355200D4EFDA /* JiHTMLTests.swift in Sources */ = {isa = PBXBuildFile; fileRef = E4168BD41B5D355200D4EFDA /* JiHTMLTests.swift */; };
		E4168BD91B5D997200D4EFDA /* JiNode.swift in Sources */ = {isa = PBXBuildFile; fileRef = E4168BD81B5D997200D4EFDA /* JiNode.swift */; };
		E457CE851B5E93D20064F26B /* JiDocument.swift in Sources */ = {isa = PBXBuildFile; fileRef = E457CE841B5E93D20064F26B /* JiDocument.swift */; };
		E478AF081B6007DF004C6C41 /* sample-menu.xml in Resources */ = {isa = PBXBuildFile; fileRef = E478AF071B6007DF004C6C41 /* sample-menu.xml */; };
		E4AC60091B5C5FB6002B8E96 /* JiElement.swift in Sources */ = {isa = PBXBuildFile; fileRef = E4AC60081B5C5FB6002B8E96 /* JiElement.swift */; };
		E4E419D81B609B5800EC21D2 /* JiDocumentTests.swift in Sources */ = {isa = PBXBuildFile; fileRef = E4E419D71B609B5800EC21D2 /* JiDocumentTests.swift */; };
		E4E419DA1B609C4E00EC21D2 /* sample-empty.xml in Resources */ = {isa = PBXBuildFile; fileRef = E4E419D91B609C4E00EC21D2 /* sample-empty.xml */; };
		E4F340F91B5B420300032A3B /* AppDelegate.swift in Sources */ = {isa = PBXBuildFile; fileRef = E4F340F81B5B420300032A3B /* AppDelegate.swift */; };
		E4F340FB1B5B420300032A3B /* ViewController.swift in Sources */ = {isa = PBXBuildFile; fileRef = E4F340FA1B5B420300032A3B /* ViewController.swift */; };
		E4F340FE1B5B420300032A3B /* Main.storyboard in Resources */ = {isa = PBXBuildFile; fileRef = E4F340FC1B5B420300032A3B /* Main.storyboard */; };
		E4F341001B5B420300032A3B /* Images.xcassets in Resources */ = {isa = PBXBuildFile; fileRef = E4F340FF1B5B420300032A3B /* Images.xcassets */; };
		E4F341031B5B420300032A3B /* LaunchScreen.xib in Resources */ = {isa = PBXBuildFile; fileRef = E4F341011B5B420300032A3B /* LaunchScreen.xib */; };
		E4F3410F1B5B420300032A3B /* JiTests.swift in Sources */ = {isa = PBXBuildFile; fileRef = E4F3410E1B5B420300032A3B /* JiTests.swift */; };
		E4F341191B5B44F300032A3B /* libxml2.2.dylib in Frameworks */ = {isa = PBXBuildFile; fileRef = E4F341181B5B44F300032A3B /* libxml2.2.dylib */; };
		E4F3411B1B5B468600032A3B /* libxml2.dylib in Frameworks */ = {isa = PBXBuildFile; fileRef = E4F3411A1B5B468600032A3B /* libxml2.dylib */; };
		E4F341201B5B49BE00032A3B /* XPathQuery.swift in Sources */ = {isa = PBXBuildFile; fileRef = E4F3411F1B5B49BE00032A3B /* XPathQuery.swift */; };
/* End PBXBuildFile section */

/* Begin PBXContainerItemProxy section */
		E4F341091B5B420300032A3B /* PBXContainerItemProxy */ = {
			isa = PBXContainerItemProxy;
			containerPortal = E4F340EB1B5B420300032A3B /* Project object */;
			proxyType = 1;
			remoteGlobalIDString = E4F340F21B5B420300032A3B;
			remoteInfo = Ji;
		};
/* End PBXContainerItemProxy section */

/* Begin PBXFileReference section */
		E4015AA01B5F4BF30054CC6A /* JiHelpers.swift */ = {isa = PBXFileReference; fileEncoding = 4; lastKnownFileType = sourcecode.swift; path = JiHelpers.swift; sourceTree = "<group>"; };
		E4015AA21B5F51560054CC6A /* JiNodeTests.swift */ = {isa = PBXFileReference; fileEncoding = 4; lastKnownFileType = sourcecode.swift; path = JiNodeTests.swift; sourceTree = "<group>"; };
		E4168BCD1B5D314A00D4EFDA /* Ji.swift */ = {isa = PBXFileReference; fileEncoding = 4; lastKnownFileType = sourcecode.swift; path = Ji.swift; sourceTree = "<group>"; };
		E4168BD01B5D352800D4EFDA /* feed.rss */ = {isa = PBXFileReference; fileEncoding = 4; lastKnownFileType = text.xml; path = feed.rss; sourceTree = "<group>"; };
		E4168BD11B5D352800D4EFDA /* index.html */ = {isa = PBXFileReference; fileEncoding = 4; lastKnownFileType = text.html; path = index.html; sourceTree = "<group>"; };
		E4168BD41B5D355200D4EFDA /* JiHTMLTests.swift */ = {isa = PBXFileReference; fileEncoding = 4; lastKnownFileType = sourcecode.swift; path = JiHTMLTests.swift; sourceTree = "<group>"; };
		E4168BD81B5D997200D4EFDA /* JiNode.swift */ = {isa = PBXFileReference; fileEncoding = 4; lastKnownFileType = sourcecode.swift; path = JiNode.swift; sourceTree = "<group>"; };
		E457CE841B5E93D20064F26B /* JiDocument.swift */ = {isa = PBXFileReference; fileEncoding = 4; lastKnownFileType = sourcecode.swift; path = JiDocument.swift; sourceTree = "<group>"; };
		E478AF071B6007DF004C6C41 /* sample-menu.xml */ = {isa = PBXFileReference; fileEncoding = 4; lastKnownFileType = text.xml; path = "sample-menu.xml"; sourceTree = "<group>"; };
		E4AC60081B5C5FB6002B8E96 /* JiElement.swift */ = {isa = PBXFileReference; fileEncoding = 4; lastKnownFileType = sourcecode.swift; path = JiElement.swift; sourceTree = "<group>"; };
		E4E419D71B609B5800EC21D2 /* JiDocumentTests.swift */ = {isa = PBXFileReference; fileEncoding = 4; lastKnownFileType = sourcecode.swift; path = JiDocumentTests.swift; sourceTree = "<group>"; };
		E4E419D91B609C4E00EC21D2 /* sample-empty.xml */ = {isa = PBXFileReference; fileEncoding = 4; lastKnownFileType = text.xml; path = "sample-empty.xml"; sourceTree = "<group>"; };
		E4F340F31B5B420300032A3B /* Ji.app */ = {isa = PBXFileReference; explicitFileType = wrapper.application; includeInIndex = 0; path = Ji.app; sourceTree = BUILT_PRODUCTS_DIR; };
		E4F340F71B5B420300032A3B /* Info.plist */ = {isa = PBXFileReference; lastKnownFileType = text.plist.xml; path = Info.plist; sourceTree = "<group>"; };
		E4F340F81B5B420300032A3B /* AppDelegate.swift */ = {isa = PBXFileReference; lastKnownFileType = sourcecode.swift; path = AppDelegate.swift; sourceTree = "<group>"; };
		E4F340FA1B5B420300032A3B /* ViewController.swift */ = {isa = PBXFileReference; lastKnownFileType = sourcecode.swift; path = ViewController.swift; sourceTree = "<group>"; };
		E4F340FD1B5B420300032A3B /* Base */ = {isa = PBXFileReference; lastKnownFileType = file.storyboard; name = Base; path = Base.lproj/Main.storyboard; sourceTree = "<group>"; };
		E4F340FF1B5B420300032A3B /* Images.xcassets */ = {isa = PBXFileReference; lastKnownFileType = folder.assetcatalog; path = Images.xcassets; sourceTree = "<group>"; };
		E4F341021B5B420300032A3B /* Base */ = {isa = PBXFileReference; lastKnownFileType = file.xib; name = Base; path = Base.lproj/LaunchScreen.xib; sourceTree = "<group>"; };
		E4F341081B5B420300032A3B /* JiTests.xctest */ = {isa = PBXFileReference; explicitFileType = wrapper.cfbundle; includeInIndex = 0; path = JiTests.xctest; sourceTree = BUILT_PRODUCTS_DIR; };
		E4F3410D1B5B420300032A3B /* Info.plist */ = {isa = PBXFileReference; lastKnownFileType = text.plist.xml; path = Info.plist; sourceTree = "<group>"; };
		E4F3410E1B5B420300032A3B /* JiTests.swift */ = {isa = PBXFileReference; lastKnownFileType = sourcecode.swift; path = JiTests.swift; sourceTree = "<group>"; };
		E4F341181B5B44F300032A3B /* libxml2.2.dylib */ = {isa = PBXFileReference; lastKnownFileType = "compiled.mach-o.dylib"; name = libxml2.2.dylib; path = usr/lib/libxml2.2.dylib; sourceTree = SDKROOT; };
		E4F3411A1B5B468600032A3B /* libxml2.dylib */ = {isa = PBXFileReference; lastKnownFileType = "compiled.mach-o.dylib"; name = libxml2.dylib; path = usr/lib/libxml2.dylib; sourceTree = SDKROOT; };
		E4F3411C1B5B46F000032A3B /* Ji-Bridging-Header.h */ = {isa = PBXFileReference; lastKnownFileType = sourcecode.c.h; path = "Ji-Bridging-Header.h"; sourceTree = "<group>"; };
		E4F3411F1B5B49BE00032A3B /* XPathQuery.swift */ = {isa = PBXFileReference; fileEncoding = 4; lastKnownFileType = sourcecode.swift; path = XPathQuery.swift; sourceTree = "<group>"; };
/* End PBXFileReference section */

/* Begin PBXFrameworksBuildPhase section */
		E4F340F01B5B420300032A3B /* Frameworks */ = {
			isa = PBXFrameworksBuildPhase;
			buildActionMask = 2147483647;
			files = (
				E4F341191B5B44F300032A3B /* libxml2.2.dylib in Frameworks */,
				E4F3411B1B5B468600032A3B /* libxml2.dylib in Frameworks */,
			);
			runOnlyForDeploymentPostprocessing = 0;
		};
		E4F341051B5B420300032A3B /* Frameworks */ = {
			isa = PBXFrameworksBuildPhase;
			buildActionMask = 2147483647;
			files = (
			);
			runOnlyForDeploymentPostprocessing = 0;
		};
/* End PBXFrameworksBuildPhase section */

/* Begin PBXGroup section */
		E4168BCF1B5D352800D4EFDA /* TestData */ = {
			isa = PBXGroup;
			children = (
				E478AF071B6007DF004C6C41 /* sample-menu.xml */,
				E4E419D91B609C4E00EC21D2 /* sample-empty.xml */,
				E4168BD01B5D352800D4EFDA /* feed.rss */,
				E4168BD11B5D352800D4EFDA /* index.html */,
			);
			path = TestData;
			sourceTree = "<group>";
		};
		E4F340EA1B5B420300032A3B = {
			isa = PBXGroup;
			children = (
				E4F340F51B5B420300032A3B /* Ji */,
				E4F3410B1B5B420300032A3B /* JiTests */,
				E4F340F41B5B420300032A3B /* Products */,
			);
			sourceTree = "<group>";
		};
		E4F340F41B5B420300032A3B /* Products */ = {
			isa = PBXGroup;
			children = (
				E4F340F31B5B420300032A3B /* Ji.app */,
				E4F341081B5B420300032A3B /* JiTests.xctest */,
			);
			name = Products;
			sourceTree = "<group>";
		};
		E4F340F51B5B420300032A3B /* Ji */ = {
			isa = PBXGroup;
			children = (
				E4F3411E1B5B499B00032A3B /* Ji */,
				E4F340F81B5B420300032A3B /* AppDelegate.swift */,
				E4F340FA1B5B420300032A3B /* ViewController.swift */,
				E4F340FC1B5B420300032A3B /* Main.storyboard */,
				E4F340FF1B5B420300032A3B /* Images.xcassets */,
				E4F341011B5B420300032A3B /* LaunchScreen.xib */,
				E4F3411D1B5B471000032A3B /* Libraries */,
				E4F340F61B5B420300032A3B /* Supporting Files */,
			);
			path = Ji;
			sourceTree = "<group>";
		};
		E4F340F61B5B420300032A3B /* Supporting Files */ = {
			isa = PBXGroup;
			children = (
				E4F340F71B5B420300032A3B /* Info.plist */,
			);
			name = "Supporting Files";
			sourceTree = "<group>";
		};
		E4F3410B1B5B420300032A3B /* JiTests */ = {
			isa = PBXGroup;
			children = (
				E4168BCF1B5D352800D4EFDA /* TestData */,
				E4F3410E1B5B420300032A3B /* JiTests.swift */,
				E4015AA21B5F51560054CC6A /* JiNodeTests.swift */,
				E4E419D71B609B5800EC21D2 /* JiDocumentTests.swift */,
				E4168BD41B5D355200D4EFDA /* JiHTMLTests.swift */,
				E4F3410C1B5B420300032A3B /* Supporting Files */,
			);
			path = JiTests;
			sourceTree = "<group>";
		};
		E4F3410C1B5B420300032A3B /* Supporting Files */ = {
			isa = PBXGroup;
			children = (
				E4F3410D1B5B420300032A3B /* Info.plist */,
			);
			name = "Supporting Files";
			sourceTree = "<group>";
		};
		E4F3411D1B5B471000032A3B /* Libraries */ = {
			isa = PBXGroup;
			children = (
				E4F3411A1B5B468600032A3B /* libxml2.dylib */,
				E4F341181B5B44F300032A3B /* libxml2.2.dylib */,
			);
			name = Libraries;
			path = ..;
			sourceTree = "<group>";
		};
		E4F3411E1B5B499B00032A3B /* Ji */ = {
			isa = PBXGroup;
			children = (
				E4F3411C1B5B46F000032A3B /* Ji-Bridging-Header.h */,
				E4F3411F1B5B49BE00032A3B /* XPathQuery.swift */,
				E4AC60081B5C5FB6002B8E96 /* JiElement.swift */,
				E4015AA01B5F4BF30054CC6A /* JiHelpers.swift */,
				E4168BD81B5D997200D4EFDA /* JiNode.swift */,
				E457CE841B5E93D20064F26B /* JiDocument.swift */,
				E4168BCD1B5D314A00D4EFDA /* Ji.swift */,
			);
			name = Ji;
			sourceTree = "<group>";
		};
/* End PBXGroup section */

/* Begin PBXNativeTarget section */
		E4F340F21B5B420300032A3B /* Ji */ = {
			isa = PBXNativeTarget;
			buildConfigurationList = E4F341121B5B420300032A3B /* Build configuration list for PBXNativeTarget "Ji" */;
			buildPhases = (
				E4F340EF1B5B420300032A3B /* Sources */,
				E4F340F01B5B420300032A3B /* Frameworks */,
				E4F340F11B5B420300032A3B /* Resources */,
			);
			buildRules = (
			);
			dependencies = (
			);
			name = Ji;
			productName = Ji;
			productReference = E4F340F31B5B420300032A3B /* Ji.app */;
			productType = "com.apple.product-type.application";
		};
		E4F341071B5B420300032A3B /* JiTests */ = {
			isa = PBXNativeTarget;
			buildConfigurationList = E4F341151B5B420300032A3B /* Build configuration list for PBXNativeTarget "JiTests" */;
			buildPhases = (
				E4F341041B5B420300032A3B /* Sources */,
				E4F341051B5B420300032A3B /* Frameworks */,
				E4F341061B5B420300032A3B /* Resources */,
			);
			buildRules = (
			);
			dependencies = (
				E4F3410A1B5B420300032A3B /* PBXTargetDependency */,
			);
			name = JiTests;
			productName = JiTests;
			productReference = E4F341081B5B420300032A3B /* JiTests.xctest */;
			productType = "com.apple.product-type.bundle.unit-test";
		};
/* End PBXNativeTarget section */

/* Begin PBXProject section */
		E4F340EB1B5B420300032A3B /* Project object */ = {
			isa = PBXProject;
			attributes = {
				LastUpgradeCheck = 0640;
				ORGANIZATIONNAME = "Honghao Zhang";
				TargetAttributes = {
					E4F340F21B5B420300032A3B = {
						CreatedOnToolsVersion = 6.4;
					};
					E4F341071B5B420300032A3B = {
						CreatedOnToolsVersion = 6.4;
						TestTargetID = E4F340F21B5B420300032A3B;
					};
				};
			};
			buildConfigurationList = E4F340EE1B5B420300032A3B /* Build configuration list for PBXProject "Ji" */;
			compatibilityVersion = "Xcode 3.2";
			developmentRegion = English;
			hasScannedForEncodings = 0;
			knownRegions = (
				en,
				Base,
			);
			mainGroup = E4F340EA1B5B420300032A3B;
			productRefGroup = E4F340F41B5B420300032A3B /* Products */;
			projectDirPath = "";
			projectRoot = "";
			targets = (
				E4F340F21B5B420300032A3B /* Ji */,
				E4F341071B5B420300032A3B /* JiTests */,
			);
		};
/* End PBXProject section */

/* Begin PBXResourcesBuildPhase section */
		E4F340F11B5B420300032A3B /* Resources */ = {
			isa = PBXResourcesBuildPhase;
			buildActionMask = 2147483647;
			files = (
				E4F340FE1B5B420300032A3B /* Main.storyboard in Resources */,
				E4F341031B5B420300032A3B /* LaunchScreen.xib in Resources */,
				E4F341001B5B420300032A3B /* Images.xcassets in Resources */,
			);
			runOnlyForDeploymentPostprocessing = 0;
		};
		E4F341061B5B420300032A3B /* Resources */ = {
			isa = PBXResourcesBuildPhase;
			buildActionMask = 2147483647;
			files = (
				E4168BD21B5D352800D4EFDA /* feed.rss in Resources */,
				E4E419DA1B609C4E00EC21D2 /* sample-empty.xml in Resources */,
				E4168BD31B5D352800D4EFDA /* index.html in Resources */,
				E478AF081B6007DF004C6C41 /* sample-menu.xml in Resources */,
			);
			runOnlyForDeploymentPostprocessing = 0;
		};
/* End PBXResourcesBuildPhase section */

/* Begin PBXSourcesBuildPhase section */
		E4F340EF1B5B420300032A3B /* Sources */ = {
			isa = PBXSourcesBuildPhase;
			buildActionMask = 2147483647;
			files = (
				E4015AA11B5F4BF30054CC6A /* JiHelpers.swift in Sources */,
				E4AC60091B5C5FB6002B8E96 /* JiElement.swift in Sources */,
				E4F341201B5B49BE00032A3B /* XPathQuery.swift in Sources */,
				E4F340FB1B5B420300032A3B /* ViewController.swift in Sources */,
				E4168BCE1B5D314A00D4EFDA /* Ji.swift in Sources */,
				E457CE851B5E93D20064F26B /* JiDocument.swift in Sources */,
				E4168BD91B5D997200D4EFDA /* JiNode.swift in Sources */,
				E4F340F91B5B420300032A3B /* AppDelegate.swift in Sources */,
			);
			runOnlyForDeploymentPostprocessing = 0;
		};
		E4F341041B5B420300032A3B /* Sources */ = {
			isa = PBXSourcesBuildPhase;
			buildActionMask = 2147483647;
			files = (
				E4F3410F1B5B420300032A3B /* JiTests.swift in Sources */,
				E4E419D81B609B5800EC21D2 /* JiDocumentTests.swift in Sources */,
				E4168BD51B5D355200D4EFDA /* JiHTMLTests.swift in Sources */,
				E4015AA31B5F51560054CC6A /* JiNodeTests.swift in Sources */,
			);
			runOnlyForDeploymentPostprocessing = 0;
		};
/* End PBXSourcesBuildPhase section */

/* Begin PBXTargetDependency section */
		E4F3410A1B5B420300032A3B /* PBXTargetDependency */ = {
			isa = PBXTargetDependency;
			target = E4F340F21B5B420300032A3B /* Ji */;
			targetProxy = E4F341091B5B420300032A3B /* PBXContainerItemProxy */;
		};
/* End PBXTargetDependency section */

/* Begin PBXVariantGroup section */
		E4F340FC1B5B420300032A3B /* Main.storyboard */ = {
			isa = PBXVariantGroup;
			children = (
				E4F340FD1B5B420300032A3B /* Base */,
			);
			name = Main.storyboard;
			sourceTree = "<group>";
		};
		E4F341011B5B420300032A3B /* LaunchScreen.xib */ = {
			isa = PBXVariantGroup;
			children = (
				E4F341021B5B420300032A3B /* Base */,
			);
			name = LaunchScreen.xib;
			sourceTree = "<group>";
		};
/* End PBXVariantGroup section */

/* Begin XCBuildConfiguration section */
		E4F341101B5B420300032A3B /* Debug */ = {
			isa = XCBuildConfiguration;
			buildSettings = {
				ALWAYS_SEARCH_USER_PATHS = NO;
				CLANG_CXX_LANGUAGE_STANDARD = "gnu++0x";
				CLANG_CXX_LIBRARY = "libc++";
				CLANG_ENABLE_MODULES = YES;
				CLANG_ENABLE_OBJC_ARC = YES;
				CLANG_WARN_BOOL_CONVERSION = YES;
				CLANG_WARN_CONSTANT_CONVERSION = YES;
				CLANG_WARN_DIRECT_OBJC_ISA_USAGE = YES_ERROR;
				CLANG_WARN_EMPTY_BODY = YES;
				CLANG_WARN_ENUM_CONVERSION = YES;
				CLANG_WARN_INT_CONVERSION = YES;
				CLANG_WARN_OBJC_ROOT_CLASS = YES_ERROR;
				CLANG_WARN_UNREACHABLE_CODE = YES;
				CLANG_WARN__DUPLICATE_METHOD_MATCH = YES;
				"CODE_SIGN_IDENTITY[sdk=iphoneos*]" = "iPhone Developer";
				COPY_PHASE_STRIP = NO;
				DEBUG_INFORMATION_FORMAT = "dwarf-with-dsym";
				ENABLE_STRICT_OBJC_MSGSEND = YES;
				GCC_C_LANGUAGE_STANDARD = gnu99;
				GCC_DYNAMIC_NO_PIC = NO;
				GCC_NO_COMMON_BLOCKS = YES;
				GCC_OPTIMIZATION_LEVEL = 0;
				GCC_PREPROCESSOR_DEFINITIONS = (
					"DEBUG=1",
					"$(inherited)",
				);
				GCC_SYMBOLS_PRIVATE_EXTERN = NO;
				GCC_WARN_64_TO_32_BIT_CONVERSION = YES;
				GCC_WARN_ABOUT_RETURN_TYPE = YES_ERROR;
				GCC_WARN_UNDECLARED_SELECTOR = YES;
				GCC_WARN_UNINITIALIZED_AUTOS = YES_AGGRESSIVE;
				GCC_WARN_UNUSED_FUNCTION = YES;
				GCC_WARN_UNUSED_VARIABLE = YES;
				IPHONEOS_DEPLOYMENT_TARGET = 8.4;
				MTL_ENABLE_DEBUG_INFO = YES;
				ONLY_ACTIVE_ARCH = YES;
				SDKROOT = iphoneos;
				SWIFT_OPTIMIZATION_LEVEL = "-Onone";
			};
			name = Debug;
		};
		E4F341111B5B420300032A3B /* Release */ = {
			isa = XCBuildConfiguration;
			buildSettings = {
				ALWAYS_SEARCH_USER_PATHS = NO;
				CLANG_CXX_LANGUAGE_STANDARD = "gnu++0x";
				CLANG_CXX_LIBRARY = "libc++";
				CLANG_ENABLE_MODULES = YES;
				CLANG_ENABLE_OBJC_ARC = YES;
				CLANG_WARN_BOOL_CONVERSION = YES;
				CLANG_WARN_CONSTANT_CONVERSION = YES;
				CLANG_WARN_DIRECT_OBJC_ISA_USAGE = YES_ERROR;
				CLANG_WARN_EMPTY_BODY = YES;
				CLANG_WARN_ENUM_CONVERSION = YES;
				CLANG_WARN_INT_CONVERSION = YES;
				CLANG_WARN_OBJC_ROOT_CLASS = YES_ERROR;
				CLANG_WARN_UNREACHABLE_CODE = YES;
				CLANG_WARN__DUPLICATE_METHOD_MATCH = YES;
				"CODE_SIGN_IDENTITY[sdk=iphoneos*]" = "iPhone Developer";
				COPY_PHASE_STRIP = NO;
				DEBUG_INFORMATION_FORMAT = "dwarf-with-dsym";
				ENABLE_NS_ASSERTIONS = NO;
				ENABLE_STRICT_OBJC_MSGSEND = YES;
				GCC_C_LANGUAGE_STANDARD = gnu99;
				GCC_NO_COMMON_BLOCKS = YES;
				GCC_WARN_64_TO_32_BIT_CONVERSION = YES;
				GCC_WARN_ABOUT_RETURN_TYPE = YES_ERROR;
				GCC_WARN_UNDECLARED_SELECTOR = YES;
				GCC_WARN_UNINITIALIZED_AUTOS = YES_AGGRESSIVE;
				GCC_WARN_UNUSED_FUNCTION = YES;
				GCC_WARN_UNUSED_VARIABLE = YES;
				IPHONEOS_DEPLOYMENT_TARGET = 8.4;
				MTL_ENABLE_DEBUG_INFO = NO;
				SDKROOT = iphoneos;
				VALIDATE_PRODUCT = YES;
			};
			name = Release;
		};
		E4F341131B5B420300032A3B /* Debug */ = {
			isa = XCBuildConfiguration;
			buildSettings = {
				ASSETCATALOG_COMPILER_APPICON_NAME = AppIcon;
				HEADER_SEARCH_PATHS = (
					"$(inherited)",
					/Applications/Xcode.app/Contents/Developer/Toolchains/XcodeDefault.xctoolchain/usr/include,
					"$(SDKROOT)/usr/include/libxml2",
				);
				INFOPLIST_FILE = Ji/Info.plist;
				LD_RUNPATH_SEARCH_PATHS = "$(inherited) @executable_path/Frameworks";
				OTHER_LDFLAGS = "-lxml2";
				PRODUCT_NAME = "$(TARGET_NAME)";
				SWIFT_OBJC_BRIDGING_HEADER = "Ji/Ji-Bridging-Header.h";
				USER_HEADER_SEARCH_PATHS = "";
			};
			name = Debug;
		};
		E4F341141B5B420300032A3B /* Release */ = {
			isa = XCBuildConfiguration;
			buildSettings = {
				ASSETCATALOG_COMPILER_APPICON_NAME = AppIcon;
				HEADER_SEARCH_PATHS = (
					"$(inherited)",
					/Applications/Xcode.app/Contents/Developer/Toolchains/XcodeDefault.xctoolchain/usr/include,
					"$(SDKROOT)/usr/include/libxml2",
				);
				INFOPLIST_FILE = Ji/Info.plist;
				LD_RUNPATH_SEARCH_PATHS = "$(inherited) @executable_path/Frameworks";
				OTHER_LDFLAGS = "-lxml2";
				PRODUCT_NAME = "$(TARGET_NAME)";
				SWIFT_OBJC_BRIDGING_HEADER = "Ji/Ji-Bridging-Header.h";
				USER_HEADER_SEARCH_PATHS = "";
			};
			name = Release;
		};
		E4F341161B5B420300032A3B /* Debug */ = {
			isa = XCBuildConfiguration;
			buildSettings = {
				BUNDLE_LOADER = "$(TEST_HOST)";
				FRAMEWORK_SEARCH_PATHS = (
					"$(SDKROOT)/Developer/Library/Frameworks",
					"$(inherited)",
				);
				GCC_PREPROCESSOR_DEFINITIONS = (
					"DEBUG=1",
					"$(inherited)",
				);
				HEADER_SEARCH_PATHS = (
					"$(inherited)",
					/Applications/Xcode.app/Contents/Developer/Toolchains/XcodeDefault.xctoolchain/usr/include,
					"$(SDKROOT)/usr/include/libxml2",
				);
				INFOPLIST_FILE = JiTests/Info.plist;
				LD_RUNPATH_SEARCH_PATHS = "$(inherited) @executable_path/Frameworks @loader_path/Frameworks";
				OTHER_LDFLAGS = (
					"$(inherited)",
					"-framework",
					XCTest,
					"-lxml2",
				);
				PRODUCT_NAME = "$(TARGET_NAME)";
				SWIFT_OBJC_BRIDGING_HEADER = "Ji/Ji-Bridging-Header.h";
				TEST_HOST = "$(BUILT_PRODUCTS_DIR)/Ji.app/Ji";
			};
			name = Debug;
		};
		E4F341171B5B420300032A3B /* Release */ = {
			isa = XCBuildConfiguration;
			buildSettings = {
				BUNDLE_LOADER = "$(TEST_HOST)";
				FRAMEWORK_SEARCH_PATHS = (
					"$(SDKROOT)/Developer/Library/Frameworks",
					"$(inherited)",
				);
				HEADER_SEARCH_PATHS = (
					"$(inherited)",
					/Applications/Xcode.app/Contents/Developer/Toolchains/XcodeDefault.xctoolchain/usr/include,
					"$(SDKROOT)/usr/include/libxml2",
				);
				INFOPLIST_FILE = JiTests/Info.plist;
				LD_RUNPATH_SEARCH_PATHS = "$(inherited) @executable_path/Frameworks @loader_path/Frameworks";
				OTHER_LDFLAGS = (
					"$(inherited)",
					"-framework",
					XCTest,
					"-lxml2",
				);
				PRODUCT_NAME = "$(TARGET_NAME)";
				SWIFT_OBJC_BRIDGING_HEADER = "Ji/Ji-Bridging-Header.h";
				TEST_HOST = "$(BUILT_PRODUCTS_DIR)/Ji.app/Ji";
			};
			name = Release;
		};
/* End XCBuildConfiguration section */

/* Begin XCConfigurationList section */
		E4F340EE1B5B420300032A3B /* Build configuration list for PBXProject "Ji" */ = {
			isa = XCConfigurationList;
			buildConfigurations = (
				E4F341101B5B420300032A3B /* Debug */,
				E4F341111B5B420300032A3B /* Release */,
			);
			defaultConfigurationIsVisible = 0;
			defaultConfigurationName = Release;
		};
		E4F341121B5B420300032A3B /* Build configuration list for PBXNativeTarget "Ji" */ = {
			isa = XCConfigurationList;
			buildConfigurations = (
				E4F341131B5B420300032A3B /* Debug */,
				E4F341141B5B420300032A3B /* Release */,
			);
			defaultConfigurationIsVisible = 0;
			defaultConfigurationName = Release;
		};
		E4F341151B5B420300032A3B /* Build configuration list for PBXNativeTarget "JiTests" */ = {
			isa = XCConfigurationList;
			buildConfigurations = (
				E4F341161B5B420300032A3B /* Debug */,
				E4F341171B5B420300032A3B /* Release */,
			);
			defaultConfigurationIsVisible = 0;
			defaultConfigurationName = Release;
		};
/* End XCConfigurationList section */
	};
	rootObject = E4F340EB1B5B420300032A3B /* Project object */;
}
