{
  "object": {
    "pins": [
      {
        "package": "CLibXML2",
        "repositoryURL": "https://github.com/Zewo/CLibXML2.git",
        "state": {
          "branch": null,
          "revision": "df6fdaf74ad820c8ea477a44ac98d24a25135561",
          "version": "0.6.0"
        }
      }
    ]
  },
  "version": 1
}
