// !$*UTF8*$!
{
	archiveVersion = 1;
	classes = {
	};
	objectVersion = 46;
	objects = {

/* Begin PBXBuildFile section */
		E4015AA11B5F4BF30054CC6A /* JiHelper.swift in Sources */ = {isa = PBXBuildFile; fileRef = E4015AA01B5F4BF30054CC6A /* JiHelper.swift */; };
		E4168BD91B5D997200D4EFDA /* JiNode.swift in Sources */ = {isa = PBXBuildFile; fileRef = E4168BD81B5D997200D4EFDA /* JiNode.swift */; };
		E457CE851B5E93D20064F26B /* Ji.swift in Sources */ = {isa = PBXBuildFile; fileRef = E457CE841B5E93D20064F26B /* Ji.swift */; };
		E4F340F91B5B420300032A3B /* AppDelegate.swift in Sources */ = {isa = PBXBuildFile; fileRef = E4F340F81B5B420300032A3B /* AppDelegate.swift */; };
		E4F340FB1B5B420300032A3B /* ViewController.swift in Sources */ = {isa = PBXBuildFile; fileRef = E4F340FA1B5B420300032A3B /* ViewController.swift */; };
		E4F340FE1B5B420300032A3B /* Main.storyboard in Resources */ = {isa = PBXBuildFile; fileRef = E4F340FC1B5B420300032A3B /* Main.storyboard */; };
		E4F341001B5B420300032A3B /* Images.xcassets in Resources */ = {isa = PBXBuildFile; fileRef = E4F340FF1B5B420300032A3B /* Images.xcassets */; };
		E4F341031B5B420300032A3B /* LaunchScreen.xib in Resources */ = {isa = PBXBuildFile; fileRef = E4F341011B5B420300032A3B /* LaunchScreen.xib */; };
		E4F341191B5B44F300032A3B /* libxml2.2.dylib in Frameworks */ = {isa = PBXBuildFile; fileRef = E4F341181B5B44F300032A3B /* libxml2.2.dylib */; };
		E4F3411B1B5B468600032A3B /* libxml2.dylib in Frameworks */ = {isa = PBXBuildFile; fileRef = E4F3411A1B5B468600032A3B /* libxml2.dylib */; };
/* End PBXBuildFile section */

/* Begin PBXFileReference section */
		E4015AA01B5F4BF30054CC6A /* JiHelper.swift */ = {isa = PBXFileReference; fileEncoding = 4; lastKnownFileType = sourcecode.swift; name = JiHelper.swift; path = ../Source/JiHelper.swift; sourceTree = "<group>"; };
		E4168BD81B5D997200D4EFDA /* JiNode.swift */ = {isa = PBXFileReference; fileEncoding = 4; lastKnownFileType = sourcecode.swift; name = JiNode.swift; path = ../Source/JiNode.swift; sourceTree = "<group>"; };
		E43026211B6FC8DE007EF00A /* Ji-Bridging-Header.h */ = {isa = PBXFileReference; lastKnownFileType = sourcecode.c.h; path = "Ji-Bridging-Header.h"; sourceTree = "<group>"; };
		E457CE841B5E93D20064F26B /* Ji.swift */ = {isa = PBXFileReference; fileEncoding = 4; lastKnownFileType = sourcecode.swift; name = Ji.swift; path = ../Source/Ji.swift; sourceTree = "<group>"; };
		E4F340F31B5B420300032A3B /* Example.app */ = {isa = PBXFileReference; explicitFileType = wrapper.application; includeInIndex = 0; path = Example.app; sourceTree = BUILT_PRODUCTS_DIR; };
		E4F340F71B5B420300032A3B /* Info.plist */ = {isa = PBXFileReference; lastKnownFileType = text.plist.xml; path = Info.plist; sourceTree = "<group>"; };
		E4F340F81B5B420300032A3B /* AppDelegate.swift */ = {isa = PBXFileReference; lastKnownFileType = sourcecode.swift; path = AppDelegate.swift; sourceTree = "<group>"; };
		E4F340FA1B5B420300032A3B /* ViewController.swift */ = {isa = PBXFileReference; lastKnownFileType = sourcecode.swift; path = ViewController.swift; sourceTree = "<group>"; };
		E4F340FD1B5B420300032A3B /* Base */ = {isa = PBXFileReference; lastKnownFileType = file.storyboard; name = Base; path = Base.lproj/Main.storyboard; sourceTree = "<group>"; };
		E4F340FF1B5B420300032A3B /* Images.xcassets */ = {isa = PBXFileReference; lastKnownFileType = folder.assetcatalog; path = Images.xcassets; sourceTree = "<group>"; };
		E4F341021B5B420300032A3B /* Base */ = {isa = PBXFileReference; lastKnownFileType = file.xib; name = Base; path = Base.lproj/LaunchScreen.xib; sourceTree = "<group>"; };
		E4F341181B5B44F300032A3B /* libxml2.2.dylib */ = {isa = PBXFileReference; lastKnownFileType = "compiled.mach-o.dylib"; name = libxml2.2.dylib; path = usr/lib/libxml2.2.dylib; sourceTree = SDKROOT; };
		E4F3411A1B5B468600032A3B /* libxml2.dylib */ = {isa = PBXFileReference; lastKnownFileType = "compiled.mach-o.dylib"; name = libxml2.dylib; path = usr/lib/libxml2.dylib; sourceTree = SDKROOT; };
/* End PBXFileReference section */

/* Begin PBXFrameworksBuildPhase section */
		E4F340F01B5B420300032A3B /* Frameworks */ = {
			isa = PBXFrameworksBuildPhase;
			buildActionMask = 2147483647;
			files = (
				E4F341191B5B44F300032A3B /* libxml2.2.dylib in Frameworks */,
				E4F3411B1B5B468600032A3B /* libxml2.dylib in Frameworks */,
			);
			runOnlyForDeploymentPostprocessing = 0;
		};
/* End PBXFrameworksBuildPhase section */

/* Begin PBXGroup section */
		E4F340EA1B5B420300032A3B = {
			isa = PBXGroup;
			children = (
				E4F340F51B5B420300032A3B /* Ji */,
				E4F340F41B5B420300032A3B /* Products */,
			);
			sourceTree = "<group>";
		};
		E4F340F41B5B420300032A3B /* Products */ = {
			isa = PBXGroup;
			children = (
				E4F340F31B5B420300032A3B /* Example.app */,
			);
			name = Products;
			sourceTree = "<group>";
		};
		E4F340F51B5B420300032A3B /* Ji */ = {
			isa = PBXGroup;
			children = (
				E4F3411E1B5B499B00032A3B /* Ji */,
				E43026211B6FC8DE007EF00A /* Ji-Bridging-Header.h */,
				E4F340F81B5B420300032A3B /* AppDelegate.swift */,
				E4F340FA1B5B420300032A3B /* ViewController.swift */,
				E4F340FC1B5B420300032A3B /* Main.storyboard */,
				E4F340FF1B5B420300032A3B /* Images.xcassets */,
				E4F341011B5B420300032A3B /* LaunchScreen.xib */,
				E4F3411D1B5B471000032A3B /* Libraries */,
				E4F340F61B5B420300032A3B /* Supporting Files */,
			);
			name = Ji;
			path = Example;
			sourceTree = "<group>";
		};
		E4F340F61B5B420300032A3B /* Supporting Files */ = {
			isa = PBXGroup;
			children = (
				E4F340F71B5B420300032A3B /* Info.plist */,
			);
			name = "Supporting Files";
			sourceTree = "<group>";
		};
		E4F3411D1B5B471000032A3B /* Libraries */ = {
			isa = PBXGroup;
			children = (
				E4F3411A1B5B468600032A3B /* libxml2.dylib */,
				E4F341181B5B44F300032A3B /* libxml2.2.dylib */,
			);
			name = Libraries;
			path = ..;
			sourceTree = "<group>";
		};
		E4F3411E1B5B499B00032A3B /* Ji */ = {
			isa = PBXGroup;
			children = (
				E457CE841B5E93D20064F26B /* Ji.swift */,
				E4168BD81B5D997200D4EFDA /* JiNode.swift */,
				E4015AA01B5F4BF30054CC6A /* JiHelper.swift */,
			);
			name = Ji;
			sourceTree = "<group>";
		};
/* End PBXGroup section */

/* Begin PBXNativeTarget section */
		E4F340F21B5B420300032A3B /* Example */ = {
			isa = PBXNativeTarget;
			buildConfigurationList = E4F341121B5B420300032A3B /* Build configuration list for PBXNativeTarget "Example" */;
			buildPhases = (
				E4F340EF1B5B420300032A3B /* Sources */,
				E4F340F01B5B420300032A3B /* Frameworks */,
				E4F340F11B5B420300032A3B /* Resources */,
			);
			buildRules = (
			);
			dependencies = (
			);
			name = Example;
			productName = Ji;
			productReference = E4F340F31B5B420300032A3B /* Example.app */;
			productType = "com.apple.product-type.application";
		};
/* End PBXNativeTarget section */

/* Begin PBXProject section */
		E4F340EB1B5B420300032A3B /* Project object */ = {
			isa = PBXProject;
			attributes = {
				LastSwiftUpdateCheck = 0710;
				LastUpgradeCheck = 0710;
				ORGANIZATIONNAME = "Honghao Zhang";
				TargetAttributes = {
					E4F340F21B5B420300032A3B = {
						CreatedOnToolsVersion = 6.4;
					};
				};
			};
			buildConfigurationList = E4F340EE1B5B420300032A3B /* Build configuration list for PBXProject "Example" */;
			compatibilityVersion = "Xcode 3.2";
			developmentRegion = English;
			hasScannedForEncodings = 0;
			knownRegions = (
				en,
				Base,
			);
			mainGroup = E4F340EA1B5B420300032A3B;
			productRefGroup = E4F340F41B5B420300032A3B /* Products */;
			projectDirPath = "";
			projectRoot = "";
			targets = (
				E4F340F21B5B420300032A3B /* Example */,
			);
		};
/* End PBXProject section */

/* Begin PBXResourcesBuildPhase section */
		E4F340F11B5B420300032A3B /* Resources */ = {
			isa = PBXResourcesBuildPhase;
			buildActionMask = 2147483647;
			files = (
				E4F340FE1B5B420300032A3B /* Main.storyboard in Resources */,
				E4F341031B5B420300032A3B /* LaunchScreen.xib in Resources */,
				E4F341001B5B420300032A3B /* Images.xcassets in Resources */,
			);
			runOnlyForDeploymentPostprocessing = 0;
		};
/* End PBXResourcesBuildPhase section */

/* Begin PBXSourcesBuildPhase section */
		E4F340EF1B5B420300032A3B /* Sources */ = {
			isa = PBXSourcesBuildPhase;
			buildActionMask = 2147483647;
			files = (
				E4015AA11B5F4BF30054CC6A /* JiHelper.swift in Sources */,
				E4F340FB1B5B420300032A3B /* ViewController.swift in Sources */,
				E457CE851B5E93D20064F26B /* Ji.swift in Sources */,
				E4168BD91B5D997200D4EFDA /* JiNode.swift in Sources */,
				E4F340F91B5B420300032A3B /* AppDelegate.swift in Sources */,
			);
			runOnlyForDeploymentPostprocessing = 0;
		};
/* End PBXSourcesBuildPhase section */

/* Begin PBXVariantGroup section */
		E4F340FC1B5B420300032A3B /* Main.storyboard */ = {
			isa = PBXVariantGroup;
			children = (
				E4F340FD1B5B420300032A3B /* Base */,
			);
			name = Main.storyboard;
			sourceTree = "<group>";
		};
		E4F341011B5B420300032A3B /* LaunchScreen.xib */ = {
			isa = PBXVariantGroup;
			children = (
				E4F341021B5B420300032A3B /* Base */,
			);
			name = LaunchScreen.xib;
			sourceTree = "<group>";
		};
/* End PBXVariantGroup section */

/* Begin XCBuildConfiguration section */
		E4F341101B5B420300032A3B /* Debug */ = {
			isa = XCBuildConfiguration;
			buildSettings = {
				ALWAYS_SEARCH_USER_PATHS = NO;
				CLANG_CXX_LANGUAGE_STANDARD = "gnu++0x";
				CLANG_CXX_LIBRARY = "libc++";
				CLANG_ENABLE_MODULES = YES;
				CLANG_ENABLE_OBJC_ARC = YES;
				CLANG_WARN_BOOL_CONVERSION = YES;
				CLANG_WARN_CONSTANT_CONVERSION = YES;
				CLANG_WARN_DIRECT_OBJC_ISA_USAGE = YES_ERROR;
				CLANG_WARN_EMPTY_BODY = YES;
				CLANG_WARN_ENUM_CONVERSION = YES;
				CLANG_WARN_INT_CONVERSION = YES;
				CLANG_WARN_OBJC_ROOT_CLASS = YES_ERROR;
				CLANG_WARN_UNREACHABLE_CODE = YES;
				CLANG_WARN__DUPLICATE_METHOD_MATCH = YES;
				"CODE_SIGN_IDENTITY[sdk=iphoneos*]" = "iPhone Developer";
				COPY_PHASE_STRIP = NO;
				DEBUG_INFORMATION_FORMAT = "dwarf-with-dsym";
				ENABLE_STRICT_OBJC_MSGSEND = YES;
				ENABLE_TESTABILITY = YES;
				GCC_C_LANGUAGE_STANDARD = gnu99;
				GCC_DYNAMIC_NO_PIC = NO;
				GCC_NO_COMMON_BLOCKS = YES;
				GCC_OPTIMIZATION_LEVEL = 0;
				GCC_PREPROCESSOR_DEFINITIONS = (
					"DEBUG=1",
					"$(inherited)",
				);
				GCC_SYMBOLS_PRIVATE_EXTERN = NO;
				GCC_WARN_64_TO_32_BIT_CONVERSION = YES;
				GCC_WARN_ABOUT_RETURN_TYPE = YES_ERROR;
				GCC_WARN_UNDECLARED_SELECTOR = YES;
				GCC_WARN_UNINITIALIZED_AUTOS = YES_AGGRESSIVE;
				GCC_WARN_UNUSED_FUNCTION = YES;
				GCC_WARN_UNUSED_VARIABLE = YES;
				IPHONEOS_DEPLOYMENT_TARGET = 8.4;
				MTL_ENABLE_DEBUG_INFO = YES;
				ONLY_ACTIVE_ARCH = YES;
				SDKROOT = iphoneos;
				SWIFT_OPTIMIZATION_LEVEL = "-Onone";
			};
			name = Debug;
		};
		E4F341111B5B420300032A3B /* Release */ = {
			isa = XCBuildConfiguration;
			buildSettings = {
				ALWAYS_SEARCH_USER_PATHS = NO;
				CLANG_CXX_LANGUAGE_STANDARD = "gnu++0x";
				CLANG_CXX_LIBRARY = "libc++";
				CLANG_ENABLE_MODULES = YES;
				CLANG_ENABLE_OBJC_ARC = YES;
				CLANG_WARN_BOOL_CONVERSION = YES;
				CLANG_WARN_CONSTANT_CONVERSION = YES;
				CLANG_WARN_DIRECT_OBJC_ISA_USAGE = YES_ERROR;
				CLANG_WARN_EMPTY_BODY = YES;
				CLANG_WARN_ENUM_CONVERSION = YES;
				CLANG_WARN_INT_CONVERSION = YES;
				CLANG_WARN_OBJC_ROOT_CLASS = YES_ERROR;
				CLANG_WARN_UNREACHABLE_CODE = YES;
				CLANG_WARN__DUPLICATE_METHOD_MATCH = YES;
				"CODE_SIGN_IDENTITY[sdk=iphoneos*]" = "iPhone Developer";
				COPY_PHASE_STRIP = NO;
				DEBUG_INFORMATION_FORMAT = "dwarf-with-dsym";
				ENABLE_NS_ASSERTIONS = NO;
				ENABLE_STRICT_OBJC_MSGSEND = YES;
				GCC_C_LANGUAGE_STANDARD = gnu99;
				GCC_NO_COMMON_BLOCKS = YES;
				GCC_WARN_64_TO_32_BIT_CONVERSION = YES;
				GCC_WARN_ABOUT_RETURN_TYPE = YES_ERROR;
				GCC_WARN_UNDECLARED_SELECTOR = YES;
				GCC_WARN_UNINITIALIZED_AUTOS = YES_AGGRESSIVE;
				GCC_WARN_UNUSED_FUNCTION = YES;
				GCC_WARN_UNUSED_VARIABLE = YES;
				IPHONEOS_DEPLOYMENT_TARGET = 8.4;
				MTL_ENABLE_DEBUG_INFO = NO;
				SDKROOT = iphoneos;
				VALIDATE_PRODUCT = YES;
			};
			name = Release;
		};
		E4F341131B5B420300032A3B /* Debug */ = {
			isa = XCBuildConfiguration;
			buildSettings = {
				ASSETCATALOG_COMPILER_APPICON_NAME = AppIcon;
				HEADER_SEARCH_PATHS = (
					"$(inherited)",
					/Applications/Xcode.app/Contents/Developer/Toolchains/XcodeDefault.xctoolchain/usr/include,
					"$(SDKROOT)/usr/include/libxml2",
				);
				INFOPLIST_FILE = Example/Info.plist;
				LD_RUNPATH_SEARCH_PATHS = "$(inherited) @executable_path/Frameworks";
				OTHER_LDFLAGS = "-lxml2";
				PRODUCT_BUNDLE_IDENTIFIER = "com.honghaoz.$(PRODUCT_NAME:rfc1034identifier)";
				PRODUCT_NAME = Example;
				SWIFT_OBJC_BRIDGING_HEADER = "Example/Ji-Bridging-Header.h";
				USER_HEADER_SEARCH_PATHS = "";
			};
			name = Debug;
		};
		E4F341141B5B420300032A3B /* Release */ = {
			isa = XCBuildConfiguration;
			buildSettings = {
				ASSETCATALOG_COMPILER_APPICON_NAME = AppIcon;
				HEADER_SEARCH_PATHS = (
					"$(inherited)",
					/Applications/Xcode.app/Contents/Developer/Toolchains/XcodeDefault.xctoolchain/usr/include,
					"$(SDKROOT)/usr/include/libxml2",
				);
				INFOPLIST_FILE = Example/Info.plist;
				LD_RUNPATH_SEARCH_PATHS = "$(inherited) @executable_path/Frameworks";
				OTHER_LDFLAGS = "-lxml2";
				PRODUCT_BUNDLE_IDENTIFIER = "com.honghaoz.$(PRODUCT_NAME:rfc1034identifier)";
				PRODUCT_NAME = Example;
				SWIFT_OBJC_BRIDGING_HEADER = "Example/Ji-Bridging-Header.h";
				USER_HEADER_SEARCH_PATHS = "";
			};
			name = Release;
		};
/* End XCBuildConfiguration section */

/* Begin XCConfigurationList section */
		E4F340EE1B5B420300032A3B /* Build configuration list for PBXProject "Example" */ = {
			isa = XCConfigurationList;
			buildConfigurations = (
				E4F341101B5B420300032A3B /* Debug */,
				E4F341111B5B420300032A3B /* Release */,
			);
			defaultConfigurationIsVisible = 0;
			defaultConfigurationName = Release;
		};
		E4F341121B5B420300032A3B /* Build configuration list for PBXNativeTarget "Example" */ = {
			isa = XCConfigurationList;
			buildConfigurations = (
				E4F341131B5B420300032A3B /* Debug */,
				E4F341141B5B420300032A3B /* Release */,
			);
			defaultConfigurationIsVisible = 0;
			defaultConfigurationName = Release;
		};
/* End XCConfigurationList section */
	};
	rootObject = E4F340EB1B5B420300032A3B /* Project object */;
}
