// !$*UTF8*$!
{
	archiveVersion = 1;
	classes = {
	};
	objectVersion = 52;
	objects = {

/* Begin PBXBuildFile section */
		026A2C7323CEDA5700CFA557 /* AppDelegate.swift in Sources */ = {isa = PBXBuildFile; fileRef = 026A2C7223CEDA5700CFA557 /* AppDelegate.swift */; };
		026A2C7523CEDA5700CFA557 /* SceneDelegate.swift in Sources */ = {isa = PBXBuildFile; fileRef = 026A2C7423CEDA5700CFA557 /* SceneDelegate.swift */; };
		026A2C7723CEDA5700CFA557 /* ContentView.swift in Sources */ = {isa = PBXBuildFile; fileRef = 026A2C7623CEDA5700CFA557 /* ContentView.swift */; };
		026A2C7923CEDA5800CFA557 /* Assets.xcassets in Resources */ = {isa = PBXBuildFile; fileRef = 026A2C7823CEDA5800CFA557 /* Assets.xcassets */; };
		026A2C7C23CEDA5800CFA557 /* Preview Assets.xcassets in Resources */ = {isa = PBXBuildFile; fileRef = 026A2C7B23CEDA5800CFA557 /* Preview Assets.xcassets */; };
		026A2C7F23CEDA5800CFA557 /* LaunchScreen.storyboard in Resources */ = {isa = PBXBuildFile; fileRef = 026A2C7D23CEDA5800CFA557 /* LaunchScreen.storyboard */; };
		026A2C8923CEDC5200CFA557 /* Ji in Frameworks */ = {isa = PBXBuildFile; productRef = 026A2C8823CEDC5200CFA557 /* Ji */; };
/* End PBXBuildFile section */

/* Begin PBXFileReference section */
		026A2C6F23CEDA5700CFA557 /* Example-SPM.app */ = {isa = PBXFileReference; explicitFileType = wrapper.application; includeInIndex = 0; path = "Example-SPM.app"; sourceTree = BUILT_PRODUCTS_DIR; };
		026A2C7223CEDA5700CFA557 /* AppDelegate.swift */ = {isa = PBXFileReference; lastKnownFileType = sourcecode.swift; path = AppDelegate.swift; sourceTree = "<group>"; };
		026A2C7423CEDA5700CFA557 /* SceneDelegate.swift */ = {isa = PBXFileReference; lastKnownFileType = sourcecode.swift; path = SceneDelegate.swift; sourceTree = "<group>"; };
		026A2C7623CEDA5700CFA557 /* ContentView.swift */ = {isa = PBXFileReference; lastKnownFileType = sourcecode.swift; path = ContentView.swift; sourceTree = "<group>"; };
		026A2C7823CEDA5800CFA557 /* Assets.xcassets */ = {isa = PBXFileReference; lastKnownFileType = folder.assetcatalog; path = Assets.xcassets; sourceTree = "<group>"; };
		026A2C7B23CEDA5800CFA557 /* Preview Assets.xcassets */ = {isa = PBXFileReference; lastKnownFileType = folder.assetcatalog; path = "Preview Assets.xcassets"; sourceTree = "<group>"; };
		026A2C7E23CEDA5800CFA557 /* Base */ = {isa = PBXFileReference; lastKnownFileType = file.storyboard; name = Base; path = Base.lproj/LaunchScreen.storyboard; sourceTree = "<group>"; };
		026A2C8023CEDA5800CFA557 /* Info.plist */ = {isa = PBXFileReference; lastKnownFileType = text.plist.xml; path = Info.plist; sourceTree = "<group>"; };
		026A2C8623CEDC1300CFA557 /* Ji */ = {isa = PBXFileReference; lastKnownFileType = folder; name = Ji; path = ../..; sourceTree = "<group>"; };
/* End PBXFileReference section */

/* Begin PBXFrameworksBuildPhase section */
		026A2C6C23CEDA5700CFA557 /* Frameworks */ = {
			isa = PBXFrameworksBuildPhase;
			buildActionMask = 2147483647;
			files = (
				026A2C8923CEDC5200CFA557 /* Ji in Frameworks */,
			);
			runOnlyForDeploymentPostprocessing = 0;
		};
/* End PBXFrameworksBuildPhase section */

/* Begin PBXGroup section */
		026A2C6623CEDA5700CFA557 = {
			isa = PBXGroup;
			children = (
				026A2C7123CEDA5700CFA557 /* Example-SPM */,
				026A2C7023CEDA5700CFA557 /* Products */,
				026A2C8623CEDC1300CFA557 /* Ji */,
				026A2C8723CEDC5200CFA557 /* Frameworks */,
			);
			indentWidth = 4;
			sourceTree = "<group>";
			tabWidth = 4;
		};
		026A2C7023CEDA5700CFA557 /* Products */ = {
			isa = PBXGroup;
			children = (
				026A2C6F23CEDA5700CFA557 /* Example-SPM.app */,
			);
			name = Products;
			sourceTree = "<group>";
		};
		026A2C7123CEDA5700CFA557 /* Example-SPM */ = {
			isa = PBXGroup;
			children = (
				026A2C7223CEDA5700CFA557 /* AppDelegate.swift */,
				026A2C7423CEDA5700CFA557 /* SceneDelegate.swift */,
				026A2C7623CEDA5700CFA557 /* ContentView.swift */,
				026A2C7823CEDA5800CFA557 /* Assets.xcassets */,
				026A2C7D23CEDA5800CFA557 /* LaunchScreen.storyboard */,
				026A2C8023CEDA5800CFA557 /* Info.plist */,
				026A2C7A23CEDA5800CFA557 /* Preview Content */,
			);
			path = "Example-SPM";
			sourceTree = "<group>";
		};
		026A2C7A23CEDA5800CFA557 /* Preview Content */ = {
			isa = PBXGroup;
			children = (
				026A2C7B23CEDA5800CFA557 /* Preview Assets.xcassets */,
			);
			path = "Preview Content";
			sourceTree = "<group>";
		};
		026A2C8723CEDC5200CFA557 /* Frameworks */ = {
			isa = PBXGroup;
			children = (
			);
			name = Frameworks;
			sourceTree = "<group>";
		};
/* End PBXGroup section */

/* Begin PBXNativeTarget section */
		026A2C6E23CEDA5700CFA557 /* Example-SPM */ = {
			isa = PBXNativeTarget;
			buildConfigurationList = 026A2C8323CEDA5800CFA557 /* Build configuration list for PBXNativeTarget "Example-SPM" */;
			buildPhases = (
				026A2C6B23CEDA5700CFA557 /* Sources */,
				026A2C6C23CEDA5700CFA557 /* Frameworks */,
				026A2C6D23CEDA5700CFA557 /* Resources */,
			);
			buildRules = (
			);
			dependencies = (
			);
			name = "Example-SPM";
			packageProductDependencies = (
				026A2C8823CEDC5200CFA557 /* Ji */,
			);
			productName = "Example-SPM";
			productReference = 026A2C6F23CEDA5700CFA557 /* Example-SPM.app */;
			productType = "com.apple.product-type.application";
		};
/* End PBXNativeTarget section */

/* Begin PBXProject section */
		026A2C6723CEDA5700CFA557 /* Project object */ = {
			isa = PBXProject;
			attributes = {
				LastSwiftUpdateCheck = 1130;
				LastUpgradeCheck = 1130;
				ORGANIZATIONNAME = ChouTi;
				TargetAttributes = {
					026A2C6E23CEDA5700CFA557 = {
						CreatedOnToolsVersion = 11.3;
					};
				};
			};
			buildConfigurationList = 026A2C6A23CEDA5700CFA557 /* Build configuration list for PBXProject "Example-SPM" */;
			compatibilityVersion = "Xcode 9.3";
			developmentRegion = en;
			hasScannedForEncodings = 0;
			knownRegions = (
				en,
				Base,
			);
			mainGroup = 026A2C6623CEDA5700CFA557;
			productRefGroup = 026A2C7023CEDA5700CFA557 /* Products */;
			projectDirPath = "";
			projectRoot = "";
			targets = (
				026A2C6E23CEDA5700CFA557 /* Example-SPM */,
			);
		};
/* End PBXProject section */

/* Begin PBXResourcesBuildPhase section */
		026A2C6D23CEDA5700CFA557 /* Resources */ = {
			isa = PBXResourcesBuildPhase;
			buildActionMask = 2147483647;
			files = (
				026A2C7F23CEDA5800CFA557 /* LaunchScreen.storyboard in Resources */,
				026A2C7C23CEDA5800CFA557 /* Preview Assets.xcassets in Resources */,
				026A2C7923CEDA5800CFA557 /* Assets.xcassets in Resources */,
			);
			runOnlyForDeploymentPostprocessing = 0;
		};
/* End PBXResourcesBuildPhase section */

/* Begin PBXSourcesBuildPhase section */
		026A2C6B23CEDA5700CFA557 /* Sources */ = {
			isa = PBXSourcesBuildPhase;
			buildActionMask = 2147483647;
			files = (
				026A2C7323CEDA5700CFA557 /* AppDelegate.swift in Sources */,
				026A2C7523CEDA5700CFA557 /* SceneDelegate.swift in Sources */,
				026A2C7723CEDA5700CFA557 /* ContentView.swift in Sources */,
			);
			runOnlyForDeploymentPostprocessing = 0;
		};
/* End PBXSourcesBuildPhase section */

/* Begin PBXVariantGroup section */
		026A2C7D23CEDA5800CFA557 /* LaunchScreen.storyboard */ = {
			isa = PBXVariantGroup;
			children = (
				026A2C7E23CEDA5800CFA557 /* Base */,
			);
			name = LaunchScreen.storyboard;
			sourceTree = "<group>";
		};
/* End PBXVariantGroup section */

/* Begin XCBuildConfiguration section */
		026A2C8123CEDA5800CFA557 /* Debug */ = {
			isa = XCBuildConfiguration;
			buildSettings = {
				ALWAYS_SEARCH_USER_PATHS = NO;
				CLANG_ANALYZER_NONNULL = YES;
				CLANG_ANALYZER_NUMBER_OBJECT_CONVERSION = YES_AGGRESSIVE;
				CLANG_CXX_LANGUAGE_STANDARD = "gnu++14";
				CLANG_CXX_LIBRARY = "libc++";
				CLANG_ENABLE_MODULES = YES;
				CLANG_ENABLE_OBJC_ARC = YES;
				CLANG_ENABLE_OBJC_WEAK = YES;
				CLANG_WARN_BLOCK_CAPTURE_AUTORELEASING = YES;
				CLANG_WARN_BOOL_CONVERSION = YES;
				CLANG_WARN_COMMA = YES;
				CLANG_WARN_CONSTANT_CONVERSION = YES;
				CLANG_WARN_DEPRECATED_OBJC_IMPLEMENTATIONS = YES;
				CLANG_WARN_DIRECT_OBJC_ISA_USAGE = YES_ERROR;
				CLANG_WARN_DOCUMENTATION_COMMENTS = YES;
				CLANG_WARN_EMPTY_BODY = YES;
				CLANG_WARN_ENUM_CONVERSION = YES;
				CLANG_WARN_INFINITE_RECURSION = YES;
				CLANG_WARN_INT_CONVERSION = YES;
				CLANG_WARN_NON_LITERAL_NULL_CONVERSION = YES;
				CLANG_WARN_OBJC_IMPLICIT_RETAIN_SELF = YES;
				CLANG_WARN_OBJC_LITERAL_CONVERSION = YES;
				CLANG_WARN_OBJC_ROOT_CLASS = YES_ERROR;
				CLANG_WARN_RANGE_LOOP_ANALYSIS = YES;
				CLANG_WARN_STRICT_PROTOTYPES = YES;
				CLANG_WARN_SUSPICIOUS_MOVE = YES;
				CLANG_WARN_UNGUARDED_AVAILABILITY = YES_AGGRESSIVE;
				CLANG_WARN_UNREACHABLE_CODE = YES;
				CLANG_WARN__DUPLICATE_METHOD_MATCH = YES;
				COPY_PHASE_STRIP = NO;
				DEBUG_INFORMATION_FORMAT = dwarf;
				ENABLE_STRICT_OBJC_MSGSEND = YES;
				ENABLE_TESTABILITY = YES;
				GCC_C_LANGUAGE_STANDARD = gnu11;
				GCC_DYNAMIC_NO_PIC = NO;
				GCC_NO_COMMON_BLOCKS = YES;
				GCC_OPTIMIZATION_LEVEL = 0;
				GCC_PREPROCESSOR_DEFINITIONS = (
					"DEBUG=1",
					"$(inherited)",
				);
				GCC_WARN_64_TO_32_BIT_CONVERSION = YES;
				GCC_WARN_ABOUT_RETURN_TYPE = YES_ERROR;
				GCC_WARN_UNDECLARED_SELECTOR = YES;
				GCC_WARN_UNINITIALIZED_AUTOS = YES_AGGRESSIVE;
				GCC_WARN_UNUSED_FUNCTION = YES;
				GCC_WARN_UNUSED_VARIABLE = YES;
				IPHONEOS_DEPLOYMENT_TARGET = 13.2;
				MTL_ENABLE_DEBUG_INFO = INCLUDE_SOURCE;
				MTL_FAST_MATH = YES;
				ONLY_ACTIVE_ARCH = YES;
				SDKROOT = iphoneos;
				SWIFT_ACTIVE_COMPILATION_CONDITIONS = DEBUG;
				SWIFT_OPTIMIZATION_LEVEL = "-Onone";
			};
			name = Debug;
		};
		026A2C8223CEDA5800CFA557 /* Release */ = {
			isa = XCBuildConfiguration;
			buildSettings = {
				ALWAYS_SEARCH_USER_PATHS = NO;
				CLANG_ANALYZER_NONNULL = YES;
				CLANG_ANALYZER_NUMBER_OBJECT_CONVERSION = YES_AGGRESSIVE;
				CLANG_CXX_LANGUAGE_STANDARD = "gnu++14";
				CLANG_CXX_LIBRARY = "libc++";
				CLANG_ENABLE_MODULES = YES;
				CLANG_ENABLE_OBJC_ARC = YES;
				CLANG_ENABLE_OBJC_WEAK = YES;
				CLANG_WARN_BLOCK_CAPTURE_AUTORELEASING = YES;
				CLANG_WARN_BOOL_CONVERSION = YES;
				CLANG_WARN_COMMA = YES;
				CLANG_WARN_CONSTANT_CONVERSION = YES;
				CLANG_WARN_DEPRECATED_OBJC_IMPLEMENTATIONS = YES;
				CLANG_WARN_DIRECT_OBJC_ISA_USAGE = YES_ERROR;
				CLANG_WARN_DOCUMENTATION_COMMENTS = YES;
				CLANG_WARN_EMPTY_BODY = YES;
				CLANG_WARN_ENUM_CONVERSION = YES;
				CLANG_WARN_INFINITE_RECURSION = YES;
				CLANG_WARN_INT_CONVERSION = YES;
				CLANG_WARN_NON_LITERAL_NULL_CONVERSION = YES;
				CLANG_WARN_OBJC_IMPLICIT_RETAIN_SELF = YES;
				CLANG_WARN_OBJC_LITERAL_CONVERSION = YES;
				CLANG_WARN_OBJC_ROOT_CLASS = YES_ERROR;
				CLANG_WARN_RANGE_LOOP_ANALYSIS = YES;
				CLANG_WARN_STRICT_PROTOTYPES = YES;
				CLANG_WARN_SUSPICIOUS_MOVE = YES;
				CLANG_WARN_UNGUARDED_AVAILABILITY = YES_AGGRESSIVE;
				CLANG_WARN_UNREACHABLE_CODE = YES;
				CLANG_WARN__DUPLICATE_METHOD_MATCH = YES;
				COPY_PHASE_STRIP = NO;
				DEBUG_INFORMATION_FORMAT = "dwarf-with-dsym";
				ENABLE_NS_ASSERTIONS = NO;
				ENABLE_STRICT_OBJC_MSGSEND = YES;
				GCC_C_LANGUAGE_STANDARD = gnu11;
				GCC_NO_COMMON_BLOCKS = YES;
				GCC_WARN_64_TO_32_BIT_CONVERSION = YES;
				GCC_WARN_ABOUT_RETURN_TYPE = YES_ERROR;
				GCC_WARN_UNDECLARED_SELECTOR = YES;
				GCC_WARN_UNINITIALIZED_AUTOS = YES_AGGRESSIVE;
				GCC_WARN_UNUSED_FUNCTION = YES;
				GCC_WARN_UNUSED_VARIABLE = YES;
				IPHONEOS_DEPLOYMENT_TARGET = 13.2;
				MTL_ENABLE_DEBUG_INFO = NO;
				MTL_FAST_MATH = YES;
				SDKROOT = iphoneos;
				SWIFT_COMPILATION_MODE = wholemodule;
				SWIFT_OPTIMIZATION_LEVEL = "-O";
				VALIDATE_PRODUCT = YES;
			};
			name = Release;
		};
		026A2C8423CEDA5800CFA557 /* Debug */ = {
			isa = XCBuildConfiguration;
			buildSettings = {
				ASSETCATALOG_COMPILER_APPICON_NAME = AppIcon;
				CODE_SIGN_STYLE = Automatic;
				DEVELOPMENT_ASSET_PATHS = "\"Example-SPM/Preview Content\"";
				ENABLE_PREVIEWS = YES;
				INFOPLIST_FILE = "Example-SPM/Info.plist";
				LD_RUNPATH_SEARCH_PATHS = (
					"$(inherited)",
					"@executable_path/Frameworks",
				);
				PRODUCT_BUNDLE_IDENTIFIER = "com.chouti.Example-SPM";
				PRODUCT_NAME = "$(TARGET_NAME)";
				SWIFT_VERSION = 5.0;
				TARGETED_DEVICE_FAMILY = "1,2";
			};
			name = Debug;
		};
		026A2C8523CEDA5800CFA557 /* Release */ = {
			isa = XCBuildConfiguration;
			buildSettings = {
				ASSETCATALOG_COMPILER_APPICON_NAME = AppIcon;
				CODE_SIGN_STYLE = Automatic;
				DEVELOPMENT_ASSET_PATHS = "\"Example-SPM/Preview Content\"";
				ENABLE_PREVIEWS = YES;
				INFOPLIST_FILE = "Example-SPM/Info.plist";
				LD_RUNPATH_SEARCH_PATHS = (
					"$(inherited)",
					"@executable_path/Frameworks",
				);
				PRODUCT_BUNDLE_IDENTIFIER = "com.chouti.Example-SPM";
				PRODUCT_NAME = "$(TARGET_NAME)";
				SWIFT_VERSION = 5.0;
				TARGETED_DEVICE_FAMILY = "1,2";
			};
			name = Release;
		};
/* End XCBuildConfiguration section */

/* Begin XCConfigurationList section */
		026A2C6A23CEDA5700CFA557 /* Build configuration list for PBXProject "Example-SPM" */ = {
			isa = XCConfigurationList;
			buildConfigurations = (
				026A2C8123CEDA5800CFA557 /* Debug */,
				026A2C8223CEDA5800CFA557 /* Release */,
			);
			defaultConfigurationIsVisible = 0;
			defaultConfigurationName = Release;
		};
		026A2C8323CEDA5800CFA557 /* Build configuration list for PBXNativeTarget "Example-SPM" */ = {
			isa = XCConfigurationList;
			buildConfigurations = (
				026A2C8423CEDA5800CFA557 /* Debug */,
				026A2C8523CEDA5800CFA557 /* Release */,
			);
			defaultConfigurationIsVisible = 0;
			defaultConfigurationName = Release;
		};
/* End XCConfigurationList section */

/* Begin XCSwiftPackageProductDependency section */
		026A2C8823CEDC5200CFA557 /* Ji */ = {
			isa = XCSwiftPackageProductDependency;
			productName = Ji;
		};
/* End XCSwiftPackageProductDependency section */
	};
	rootObject = 026A2C6723CEDA5700CFA557 /* Project object */;
}
